
Microsoft Visual Studio Solution File, Format Version 12.00
# Visual Studio Version 17
VisualStudioVersion = 17.0.32126.317
MinimumVisualStudioVersion = 10.0.40219.1
Project("{9A19103F-16F7-4668-BE54-9A1E7A4F7556}") = "WebappReportTest", "WebappReportTest\WebappReportTest.csproj", "{C13E64E2-EE6A-4DAE-9358-EDC8529AFA6D}"
EndProject
Global
	GlobalSection(SolutionConfigurationPlatforms) = preSolution
		Debug|Any CPU = Debug|Any CPU
		Release|Any CPU = Release|Any CPU
	EndGlobalSection
	GlobalSection(ProjectConfigurationPlatforms) = postSolution
		{C13E64E2-EE6A-4DAE-9358-EDC8529AFA6D}.Debug|Any CPU.ActiveCfg = Debug|Any CPU
		{C13E64E2-EE6A-4DAE-9358-EDC8529AFA6D}.Debug|Any CPU.Build.0 = Debug|Any CPU
		{C13E64E2-EE6A-4DAE-9358-EDC8529AFA6D}.Release|Any CPU.ActiveCfg = Release|Any CPU
		{C13E64E2-EE6A-4DAE-9358-EDC8529AFA6D}.Release|Any CPU.Build.0 = Release|Any CPU
	EndGlobalSection
	GlobalSection(SolutionProperties) = preSolution
		HideSolutionNode = FALSE
	EndGlobalSection
	GlobalSection(ExtensibilityGlobals) = postSolution
		SolutionGuid = {0CC2955F-58B7-4575-BA84-7DCDC3859B57}
	EndGlobalSection
	GlobalSection(TeamFoundationVersionControl) = preSolution
		SccNumberOfProjects = 2
		SccEnterpriseProvider = {4CA58AB2-18FA-4F8D-95D4-32DDF27D184C}
		SccTeamFoundationServer = http://uritorco:8080/tfs/farma
		SccLocalPath0 = .
		SccProjectUniqueName1 = WebappReportTest\\WebappReportTest.csproj
		SccProjectName1 = WebappReportTest
		SccLocalPath1 = WebappReportTest
	EndGlobalSection
EndGlobal
